
Microsoft Visual Studio Solution File, Format Version 12.00
# Visual Studio Version 17
VisualStudioVersion = 17.5.33516.290
MinimumVisualStudioVersion = 10.0.40219.1
Project("{8BC9CEB8-8B4A-11D0-8D11-00A0C91BC942}") = "flyff_combat_bot", "flyff_combat_bot\flyff_combat_bot.vcxproj", "{83084454-21A0-44A4-A13E-23089B25621E}"
EndProject
Project("{8BC9CEB8-8B4A-11D0-8D11-00A0C91BC942}") = "DebugFlyffMonsters", "DebugFlyffMonsters\DebugFlyffMonsters.vcxproj", "{7C86312C-3A1D-4D90-A936-A181C33583AD}"
EndProject
Global
	GlobalSection(SolutionConfigurationPlatforms) = preSolution
		Debug|x64 = Debug|x64
		Debug|x86 = Debug|x86
		Release|x64 = Release|x64
		Release|x86 = Release|x86
	EndGlobalSection
	GlobalSection(ProjectConfigurationPlatforms) = postSolution
		{83084454-21A0-44A4-A13E-23089B25621E}.Debug|x64.ActiveCfg = Debug|x64
		{83084454-21A0-44A4-A13E-23089B25621E}.Debug|x64.Build.0 = Debug|x64
		{83084454-21A0-44A4-A13E-23089B25621E}.Debug|x86.ActiveCfg = Debug|Win32
		{83084454-21A0-44A4-A13E-23089B25621E}.Debug|x86.Build.0 = Debug|Win32
		{83084454-21A0-44A4-A13E-23089B25621E}.Release|x64.ActiveCfg = Release|x64
		{83084454-21A0-44A4-A13E-23089B25621E}.Release|x64.Build.0 = Release|x64
		{83084454-21A0-44A4-A13E-23089B25621E}.Release|x86.ActiveCfg = Release|Win32
		{83084454-21A0-44A4-A13E-23089B25621E}.Release|x86.Build.0 = Release|Win32
		{7C86312C-3A1D-4D90-A936-A181C33583AD}.Debug|x64.ActiveCfg = Debug|x64
		{7C86312C-3A1D-4D90-A936-A181C33583AD}.Debug|x64.Build.0 = Debug|x64
		{7C86312C-3A1D-4D90-A936-A181C33583AD}.Debug|x86.ActiveCfg = Debug|Win32
		{7C86312C-3A1D-4D90-A936-A181C33583AD}.Debug|x86.Build.0 = Debug|Win32
		{7C86312C-3A1D-4D90-A936-A181C33583AD}.Release|x64.ActiveCfg = Release|x64
		{7C86312C-3A1D-4D90-A936-A181C33583AD}.Release|x64.Build.0 = Release|x64
		{7C86312C-3A1D-4D90-A936-A181C33583AD}.Release|x86.ActiveCfg = Release|Win32
		{7C86312C-3A1D-4D90-A936-A181C33583AD}.Release|x86.Build.0 = Release|Win32
	EndGlobalSection
	GlobalSection(SolutionProperties) = preSolution
		HideSolutionNode = FALSE
	EndGlobalSection
	GlobalSection(ExtensibilityGlobals) = postSolution
		SolutionGuid = {44270F01-81AE-481D-854D-27195EF6A11C}
	EndGlobalSection
EndGlobal
